
Microsoft Visual Studio Solution File, Format Version 12.00
# Visual Studio Version 17
VisualStudioVersion = 17.13.35818.85 d17.13
MinimumVisualStudioVersion = 10.0.40219.1
Project("{FAE04EC0-301F-11D3-BF4B-00C04F79EFBC}") = "lichesstest", "lichesstest.csproj", "{9ED569B5-51CA-4FD5-ABF6-C962001C9282}"
EndProject
Global
	GlobalSection(SolutionConfigurationPlatforms) = preSolution
		Debug|Any CPU = Debug|Any CPU
		Release|Any CPU = Release|Any CPU
	EndGlobalSection
	GlobalSection(ProjectConfigurationPlatforms) = postSolution
		{9ED569B5-51CA-4FD5-ABF6-C962001C9282}.Debug|Any CPU.ActiveCfg = Debug|Any CPU
		{9ED569B5-51CA-4FD5-ABF6-C962001C9282}.Debug|Any CPU.Build.0 = Debug|Any CPU
		{9ED569B5-51CA-4FD5-ABF6-C962001C9282}.Release|Any CPU.ActiveCfg = Release|Any CPU
		{9ED569B5-51CA-4FD5-ABF6-C962001C9282}.Release|Any CPU.Build.0 = Release|Any CPU
	EndGlobalSection
	GlobalSection(SolutionProperties) = preSolution
		HideSolutionNode = FALSE
	EndGlobalSection
	GlobalSection(ExtensibilityGlobals) = postSolution
		SolutionGuid = {FC585078-F5CA-4260-BEA4-7E8617917C3C}
	EndGlobalSection
EndGlobal
